
Microsoft Visual Studio Solution File, Format Version 12.00
# Visual Studio Version 17
VisualStudioVersion = 17.7.34009.444
MinimumVisualStudioVersion = 10.0.40219.1
Project("{FAE04EC0-301F-11D3-BF4B-00C04F79EFBC}") = "Sales.Shared", "Sales.Shared\Sales.Shared.csproj", "{8E9F03A9-79C8-46E7-BF44-6007CE6838D2}"
EndProject
Project("{FAE04EC0-301F-11D3-BF4B-00C04F79EFBC}") = "Sales.Backend", "Sales.Back\Sales.Backend.csproj", "{BC3EE088-9018-48EE-AB1A-179F770F7492}"
EndProject
Project("{FAE04EC0-301F-11D3-BF4B-00C04F79EFBC}") = "Sales.Frontend", "Sales.Frontend\Sales.Frontend.csproj", "{40AC5C7A-65CA-4233-AEF1-D449304ED465}"
EndProject
Global
	GlobalSection(SolutionConfigurationPlatforms) = preSolution
		Debug|Any CPU = Debug|Any CPU
		Release|Any CPU = Release|Any CPU
	EndGlobalSection
	GlobalSection(ProjectConfigurationPlatforms) = postSolution
		{8E9F03A9-79C8-46E7-BF44-6007CE6838D2}.Debug|Any CPU.ActiveCfg = Debug|Any CPU
		{8E9F03A9-79C8-46E7-BF44-6007CE6838D2}.Debug|Any CPU.Build.0 = Debug|Any CPU
		{8E9F03A9-79C8-46E7-BF44-6007CE6838D2}.Release|Any CPU.ActiveCfg = Release|Any CPU
		{8E9F03A9-79C8-46E7-BF44-6007CE6838D2}.Release|Any CPU.Build.0 = Release|Any CPU
		{BC3EE088-9018-48EE-AB1A-179F770F7492}.Debug|Any CPU.ActiveCfg = Debug|Any CPU
		{BC3EE088-9018-48EE-AB1A-179F770F7492}.Debug|Any CPU.Build.0 = Debug|Any CPU
		{BC3EE088-9018-48EE-AB1A-179F770F7492}.Release|Any CPU.ActiveCfg = Release|Any CPU
		{BC3EE088-9018-48EE-AB1A-179F770F7492}.Release|Any CPU.Build.0 = Release|Any CPU
		{40AC5C7A-65CA-4233-AEF1-D449304ED465}.Debug|Any CPU.ActiveCfg = Debug|Any CPU
		{40AC5C7A-65CA-4233-AEF1-D449304ED465}.Debug|Any CPU.Build.0 = Debug|Any CPU
		{40AC5C7A-65CA-4233-AEF1-D449304ED465}.Release|Any CPU.ActiveCfg = Release|Any CPU
		{40AC5C7A-65CA-4233-AEF1-D449304ED465}.Release|Any CPU.Build.0 = Release|Any CPU
	EndGlobalSection
	GlobalSection(SolutionProperties) = preSolution
		HideSolutionNode = FALSE
	EndGlobalSection
	GlobalSection(ExtensibilityGlobals) = postSolution
		SolutionGuid = {30088748-F473-4A71-B73C-2839EF503939}
	EndGlobalSection
EndGlobal
